
Microsoft Visual Studio Solution File, Format Version 12.00
# Visual Studio Version 17
VisualStudioVersion = 17.14.36221.1 d17.14
MinimumVisualStudioVersion = 10.0.40219.1
Project("{FAE04EC0-301F-11D3-BF4B-00C04F79EFBC}") = "project1", "project1\project1.csproj", "{27672976-74E4-4326-B156-D6DB62FBEFE6}"
EndProject
Global
	GlobalSection(SolutionConfigurationPlatforms) = preSolution
		Debug|Any CPU = Debug|Any CPU
		Release|Any CPU = Release|Any CPU
	EndGlobalSection
	GlobalSection(ProjectConfigurationPlatforms) = postSolution
		{27672976-74E4-4326-B156-D6DB62FBEFE6}.Debug|Any CPU.ActiveCfg = Debug|Any CPU
		{27672976-74E4-4326-B156-D6DB62FBEFE6}.Debug|Any CPU.Build.0 = Debug|Any CPU
		{27672976-74E4-4326-B156-D6DB62FBEFE6}.Release|Any CPU.ActiveCfg = Release|Any CPU
		{27672976-74E4-4326-B156-D6DB62FBEFE6}.Release|Any CPU.Build.0 = Release|Any CPU
	EndGlobalSection
	GlobalSection(SolutionProperties) = preSolution
		HideSolutionNode = FALSE
	EndGlobalSection
	GlobalSection(ExtensibilityGlobals) = postSolution
		SolutionGuid = {69CEBC9A-F742-45D6-B5CB-EA528DE50D59}
	EndGlobalSection
EndGlobal
